
Microsoft Visual Studio Solution File, Format Version 12.00
# Visual Studio Version 16
VisualStudioVersion = 16.0.30907.101
MinimumVisualStudioVersion = 15.0.26124.0
Project("{9A19103F-16F7-4668-BE54-9A1E7A4F7556}") = "Mastersign.MicroHttpServer", "Mastersign.MicroHttpServer\Mastersign.MicroHttpServer.csproj", "{FB495465-B12D-4488-B582-317CD097F3D8}"
EndProject
Project("{FAE04EC0-301F-11D3-BF4B-00C04F79EFBC}") = "Mastersign.MicroHttpServer.Demo", "Mastersign.MicroHttpServer.Demo\Mastersign.MicroHttpServer.Demo.csproj", "{73DB55EE-70A6-487E-A529-1BF5B35AB5C1}"
EndProject
Global
	GlobalSection(SolutionConfigurationPlatforms) = preSolution
		Debug|Any CPU = Debug|Any CPU
		Release|Any CPU = Release|Any CPU
	EndGlobalSection
	GlobalSection(ProjectConfigurationPlatforms) = postSolution
		{FB495465-B12D-4488-B582-317CD097F3D8}.Debug|Any CPU.ActiveCfg = Debug|Any CPU
		{FB495465-B12D-4488-B582-317CD097F3D8}.Debug|Any CPU.Build.0 = Debug|Any CPU
		{FB495465-B12D-4488-B582-317CD097F3D8}.Release|Any CPU.ActiveCfg = Release|Any CPU
		{FB495465-B12D-4488-B582-317CD097F3D8}.Release|Any CPU.Build.0 = Release|Any CPU
		{73DB55EE-70A6-487E-A529-1BF5B35AB5C1}.Debug|Any CPU.ActiveCfg = Debug|Any CPU
		{73DB55EE-70A6-487E-A529-1BF5B35AB5C1}.Debug|Any CPU.Build.0 = Debug|Any CPU
		{73DB55EE-70A6-487E-A529-1BF5B35AB5C1}.Release|Any CPU.ActiveCfg = Release|Any CPU
		{73DB55EE-70A6-487E-A529-1BF5B35AB5C1}.Release|Any CPU.Build.0 = Release|Any CPU
	EndGlobalSection
	GlobalSection(SolutionProperties) = preSolution
		HideSolutionNode = FALSE
	EndGlobalSection
	GlobalSection(ExtensibilityGlobals) = postSolution
		SolutionGuid = {4D79F5DA-BC3B-4B79-A049-2CF689B59C0F}
	EndGlobalSection
EndGlobal
